{
  "name": "arabic",
  "lockfileVersion": 3,
  "requires": true,
  "packages": {
    "": {
      "dependencies": {
        "cmu-pronouncing-dictionary": "^3.0.0"
      }
    },
    "node_modules/cmu-pronouncing-dictionary": {
      "version": "3.0.0",
      "resolved": "https://registry.npmjs.org/cmu-pronouncing-dictionary/-/cmu-pronouncing-dictionary-3.0.0.tgz",
      "integrity": "sha512-6y5X4OxsYFnHERo6WSVPnLrk53G07MOQ8aUb2z555JgwynpbZsHR0a//WdN6DUcmE1j2auTF2TtL4PpoKze8QQ==",
      "license": "ISC"
    }
  }
}
